{
  "version": 4,
  "terraform_version": "1.3.3",
  "serial": 125,
  "lineage": "8da52396-a32e-6ea7-4a2d-8251240e8482",
  "outputs": {},
  "resources": [
    {
      "mode": "data",
      "type": "google_client_config",
      "name": "default",
      "provider": "provider[\"registry.terraform.io/hashicorp/google\"]",
      "instances": [
        {
          "schema_version": 0,
          "attributes": {
            "access_token": "ya29.a0Aa4xrXNH_z4LRNNwbKHv4t_ZQIGIzshlo8LHDq-EHi2jXOsEc6t2dlg87tn2cFXDQbHjMK9dXppGW9lMxPH62mAqKx8GxcOhepVjuUw23zYTb_FdOR7DA6gifBD4QrWcZONAEIOL5XdJ5QrxLrILqbxxkMxtbAaCgYKATASARASFQEjDvL9J8POpH_r1CNWNso2akDIXg0165",
            "id": "projects//regions//zones/",
            "project": "",
            "region": "",
            "zone": ""
          },
          "sensitive_attributes": []
        }
      ]
    },
    {
      "module": "module.gcp_gke",
      "mode": "managed",
      "type": "google_container_cluster",
      "name": "guestbook",
      "provider": "provider[\"registry.terraform.io/hashicorp/google\"]",
      "instances": [
        {
          "schema_version": 1,
          "attributes": {
            "addons_config": [
              {
                "cloudrun_config": [],
                "dns_cache_config": [],
                "gce_persistent_disk_csi_driver_config": [
                  {
                    "enabled": true
                  }
                ],
                "gcp_filestore_csi_driver_config": [],
                "horizontal_pod_autoscaling": [],
                "http_load_balancing": [],
                "network_policy_config": [
                  {
                    "disabled": true
                  }
                ]
              }
            ],
            "authenticator_groups_config": [],
            "binary_authorization": [
              {
                "enabled": false,
                "evaluation_mode": ""
              }
            ],
            "cluster_autoscaling": [
              {
                "auto_provisioning_defaults": [],
                "enabled": false,
                "resource_limits": []
              }
            ],
            "cluster_ipv4_cidr": "10.0.0.0/14",
            "confidential_nodes": [],
            "cost_management_config": [],
            "database_encryption": [
              {
                "key_name": "",
                "state": "DECRYPTED"
              }
            ],
            "datapath_provider": "",
            "default_max_pods_per_node": null,
            "default_snat_status": [
              {
                "disabled": false
              }
            ],
            "description": "",
            "dns_config": [],
            "enable_autopilot": false,
            "enable_binary_authorization": false,
            "enable_intranode_visibility": false,
            "enable_kubernetes_alpha": false,
            "enable_legacy_abac": false,
            "enable_shielded_nodes": true,
            "enable_tpu": false,
            "endpoint": "34.142.106.232",
            "id": "projects/agi-kube/locations/europe-west2/clusters/guestbook",
            "initial_node_count": 2,
            "ip_allocation_policy": [],
            "label_fingerprint": "a9dc16a7",
            "location": "europe-west2",
            "logging_config": [
              {
                "enable_components": [
                  "SYSTEM_COMPONENTS",
                  "WORKLOADS"
                ]
              }
            ],
            "logging_service": "logging.googleapis.com/kubernetes",
            "maintenance_policy": [],
            "master_auth": [
              {
                "client_certificate": "",
                "client_certificate_config": [
                  {
                    "issue_client_certificate": false
                  }
                ],
                "client_key": "",
                "cluster_ca_certificate": "LS0tLS1CRUdJTiBDRVJUSUZJQ0FURS0tLS0tCk1JSUVMRENDQXBTZ0F3SUJBZ0lRSW9MaXd3Y0VxbTNxcVZjeHVUNVRnVEFOQmdrcWhraUc5dzBCQVFzRkFEQXYKTVMwd0t3WURWUVFERXlSbE0yVmhNREk0TnkxbU5USTNMVFJtTW1NdE9HWXpPQzAwTlRnek9UVTFZMlkyT0dZdwpJQmNOTWpJeE1UQXhNVFF5TVRVeFdoZ1BNakExTWpFd01qUXhOVEl4TlRGYU1DOHhMVEFyQmdOVkJBTVRKR1V6ClpXRXdNamczTFdZMU1qY3ROR1l5WXkwNFpqTTRMVFExT0RNNU5UVmpaalk0WmpDQ0FhSXdEUVlKS29aSWh2Y04KQVFFQkJRQURnZ0dQQURDQ0FZb0NnZ0dCQUxzaVlFaEZHNUJpaGFTdHRDd3VmYlFtRk9PNDZKSThBWnRMMzlBNgpxZENSS0VSWi9sWExDcGMzL3cvRG5ac1VaNmsyS0x6b1VSbmNoVkpxanRURzBqQmlDd1cwL09UL3NDbGltMTZuCnJwZDV4WndYOUQvQ3l5QnJZNWM2VEcyem4zYnY4M2h1c0ZGNnVrV1huS05uYklqbEJWcytuSHlOMXZWYkI4VFcKdi9vOGVHaXB5K1BEN09NSE54TVoxQU42NkNBVGt0MG9NUmVsZmhCK0srUmttc2s5SDZ1K1cvSzg3ZFdrajBDcwpIME51WmNrSDJ2VENVZFBTYnFRcldNT09XT3F2RzdTSGJDeWNuTzJnYmtlZzlTMEM4V0c3QTZmNjVkK2EwNG96CkRoV1Nub3V3R0xwdzlTTVpLVUpneHVrd0pNZWhxVFNka2NJSGNQWGZLMmxzWGV2M1BIRmZzVUIweTNLSkUwRTYKTVZPZGg0WngxTC96NkFTcG5jeEE2M0o2Ym1VeHlFQ2dQejh0YUNqZzkvWWM5dGNrejh1dzhwa0hBYmdhUXFNdwowVWhub1dKYnovblpEZVFTc25icENjSnFISk5DUGZUNGZGMks1VVZQZjkzeTBJdXp2enI3eTkxZXFvTGdRVXFWCnV1ZFN4WjNFaFJvVzVTRnVSbkQxMFFPTll3SURBUUFCbzBJd1FEQU9CZ05WSFE4QkFmOEVCQU1DQWdRd0R3WUQKVlIwVEFRSC9CQVV3QXdFQi96QWRCZ05WSFE0RUZnUVVUbVVWMXJtRExHUUpEQklTUUVHam5tc2JXeG93RFFZSgpLb1pJaHZjTkFRRUxCUUFEZ2dHQkFCSVJLVU0vd3hJeHhyS1doMVMyMHpCdHUrTDdQUDdhUFpRb3hQckhld25RCkJ1b2tIU01CSGJoRGlFellXT1pLOHlnYmlFNHdNQ3ZyQkpzQXl3WldLREIvbmtBVER4WWtQY2hUWjJVWE5XaUsKVEF4Y0M0bWl5Y1kzT3JNRUFtL0Z0OWlUeHJnVVlvVVlWQVZ2eHhIOXpXL3p4YWxKazg5ei9EdVlXekdZYUFkaQpIUzFaNW5YNjhSVyt3WmE2MUtCNkJ0NVRrbEFpcktqWSszL1IvNVc1Y29Mcko4clJzNm5BN0VLcnpBaERtZ2FFCnNDRFRyWnUyNm1FSGJJdkJpaWxya1lTZlh5TE1weUVuR2JWa2dXaXNrVUYzZTl3b2gzdVZRb2RYWnl0YkUwMDMKK29TL3ltOU55VzVhTmFmMEpFajdFN1VQVmtGZVJ2T3NvcGtkSjkzbWxZTHR4Z1lZVmszVHY2ZjdGVjRPTHZXcQpwbUEzYzVyM1E2ZkM0WFVwZzlGZFNpQU41d0duT0pGWFZpcFBCU25Wb05HcjRFMHlnTHhTcGhKaVBaNnM0M3N4CndKc1AyQmM0U0svTSsyd0l3eVVIWkdhWFgzeGR5eGxPWjVDUG16eG5IeVJCNzBIM0I3ZjhuT0tFYytLZmZNeWsKdUdWYTlkbURsa2dqbThzY2pEVVI0Zz09Ci0tLS0tRU5EIENFUlRJRklDQVRFLS0tLS0K"
              }
            ],
            "master_authorized_networks_config": [],
            "master_version": "1.23.8-gke.1900",
            "mesh_certificates": [],
            "min_master_version": null,
            "monitoring_config": [
              {
                "enable_components": [
                  "SYSTEM_COMPONENTS"
                ]
              }
            ],
            "monitoring_service": "monitoring.googleapis.com/kubernetes",
            "name": "guestbook",
            "network": "projects/agi-kube/global/networks/default",
            "network_policy": [
              {
                "enabled": false,
                "provider": "PROVIDER_UNSPECIFIED"
              }
            ],
            "networking_mode": "ROUTES",
            "node_config": [
              {
                "boot_disk_kms_key": "",
                "disk_size_gb": 100,
                "disk_type": "pd-standard",
                "gcfs_config": [],
                "guest_accelerator": [],
                "gvnic": [],
                "image_type": "COS_CONTAINERD",
                "labels": {},
                "local_ssd_count": 0,
                "machine_type": "n1-standard-2",
                "metadata": {
                  "disable-legacy-endpoints": "true"
                },
                "min_cpu_platform": "",
                "node_group": "",
                "oauth_scopes": [
                  "https://www.googleapis.com/auth/compute",
                  "https://www.googleapis.com/auth/devstorage.read_only",
                  "https://www.googleapis.com/auth/logging.write",
                  "https://www.googleapis.com/auth/monitoring",
                  "https://www.googleapis.com/auth/service.management.readonly",
                  "https://www.googleapis.com/auth/servicecontrol",
                  "https://www.googleapis.com/auth/trace.append"
                ],
                "preemptible": false,
                "reservation_affinity": [],
                "service_account": "default",
                "shielded_instance_config": [
                  {
                    "enable_integrity_monitoring": true,
                    "enable_secure_boot": false
                  }
                ],
                "spot": false,
                "tags": null,
                "taint": [],
                "workload_metadata_config": []
              }
            ],
            "node_locations": [
              "europe-west2-a",
              "europe-west2-b",
              "europe-west2-c"
            ],
            "node_pool": [
              {
                "autoscaling": [],
                "initial_node_count": 2,
                "instance_group_urls": [
                  "https://www.googleapis.com/compute/v1/projects/agi-kube/zones/europe-west2-a/instanceGroupManagers/gke-guestbook-default-pool-7eea51e4-grp",
                  "https://www.googleapis.com/compute/v1/projects/agi-kube/zones/europe-west2-b/instanceGroupManagers/gke-guestbook-default-pool-b0f62f5a-grp",
                  "https://www.googleapis.com/compute/v1/projects/agi-kube/zones/europe-west2-c/instanceGroupManagers/gke-guestbook-default-pool-a6281e2e-grp"
                ],
                "managed_instance_group_urls": [
                  "https://www.googleapis.com/compute/v1/projects/agi-kube/zones/europe-west2-a/instanceGroups/gke-guestbook-default-pool-7eea51e4-grp",
                  "https://www.googleapis.com/compute/v1/projects/agi-kube/zones/europe-west2-b/instanceGroups/gke-guestbook-default-pool-b0f62f5a-grp",
                  "https://www.googleapis.com/compute/v1/projects/agi-kube/zones/europe-west2-c/instanceGroups/gke-guestbook-default-pool-a6281e2e-grp"
                ],
                "management": [
                  {
                    "auto_repair": true,
                    "auto_upgrade": true
                  }
                ],
                "max_pods_per_node": 0,
                "name": "default-pool",
                "name_prefix": "",
                "node_config": [
                  {
                    "boot_disk_kms_key": "",
                    "disk_size_gb": 100,
                    "disk_type": "pd-standard",
                    "gcfs_config": [],
                    "guest_accelerator": [],
                    "gvnic": [],
                    "image_type": "COS_CONTAINERD",
                    "labels": {},
                    "local_ssd_count": 0,
                    "machine_type": "n1-standard-2",
                    "metadata": {
                      "disable-legacy-endpoints": "true"
                    },
                    "min_cpu_platform": "",
                    "node_group": "",
                    "oauth_scopes": [
                      "https://www.googleapis.com/auth/compute",
                      "https://www.googleapis.com/auth/devstorage.read_only",
                      "https://www.googleapis.com/auth/logging.write",
                      "https://www.googleapis.com/auth/monitoring",
                      "https://www.googleapis.com/auth/service.management.readonly",
                      "https://www.googleapis.com/auth/servicecontrol",
                      "https://www.googleapis.com/auth/trace.append"
                    ],
                    "preemptible": false,
                    "reservation_affinity": [],
                    "service_account": "default",
                    "shielded_instance_config": [
                      {
                        "enable_integrity_monitoring": true,
                        "enable_secure_boot": false
                      }
                    ],
                    "spot": false,
                    "tags": [],
                    "taint": [],
                    "workload_metadata_config": []
                  }
                ],
                "node_count": 2,
                "node_locations": [
                  "europe-west2-a",
                  "europe-west2-b",
                  "europe-west2-c"
                ],
                "upgrade_settings": [
                  {
                    "max_surge": 1,
                    "max_unavailable": 0
                  }
                ],
                "version": "1.23.8-gke.1900"
              }
            ],
            "node_version": "1.23.8-gke.1900",
            "notification_config": [
              {
                "pubsub": [
                  {
                    "enabled": false,
                    "filter": [],
                    "topic": ""
                  }
                ]
              }
            ],
            "operation": null,
            "private_cluster_config": [],
            "private_ipv6_google_access": "",
            "project": "agi-kube",
            "release_channel": [
              {
                "channel": "REGULAR"
              }
            ],
            "remove_default_node_pool": null,
            "resource_labels": null,
            "resource_usage_export_config": [],
            "self_link": "https://container.googleapis.com/v1/projects/agi-kube/locations/europe-west2/clusters/guestbook",
            "service_external_ips_config": [
              {
                "enabled": false
              }
            ],
            "services_ipv4_cidr": "10.3.240.0/20",
            "subnetwork": "projects/agi-kube/regions/europe-west2/subnetworks/default",
            "timeouts": null,
            "tpu_ipv4_cidr_block": "",
            "vertical_pod_autoscaling": [],
            "workload_identity_config": []
          },
          "sensitive_attributes": [],
          "private": "eyJlMmJmYjczMC1lY2FhLTExZTYtOGY4OC0zNDM2M2JjN2M0YzAiOnsiY3JlYXRlIjoyNDAwMDAwMDAwMDAwLCJkZWxldGUiOjI0MDAwMDAwMDAwMDAsInJlYWQiOjI0MDAwMDAwMDAwMDAsInVwZGF0ZSI6MzYwMDAwMDAwMDAwMH0sInNjaGVtYV92ZXJzaW9uIjoiMSJ9"
        }
      ]
    },
    {
      "module": "module.gcp_gke.module.gcloud",
      "mode": "data",
      "type": "external",
      "name": "env_override",
      "provider": "provider[\"registry.terraform.io/hashicorp/external\"]",
      "instances": [
        {
          "index_key": 0,
          "schema_version": 0,
          "attributes": {
            "id": "-",
            "program": [
              ".terraform/modules/gcp_gke.gcloud/scripts/check_env.sh"
            ],
            "query": null,
            "result": {
              "download": ""
            },
            "working_dir": null
          },
          "sensitive_attributes": []
        }
      ]
    },
    {
      "module": "module.gcp_gke.module.gcloud",
      "mode": "managed",
      "type": "null_resource",
      "name": "additional_components",
      "provider": "provider[\"registry.terraform.io/hashicorp/null\"]",
      "instances": [
        {
          "index_key": 0,
          "schema_version": 0,
          "attributes": {
            "id": "5577006791947779410",
            "triggers": {
              "additional_components_command": ".terraform/modules/gcp_gke.gcloud/scripts/check_components.sh gcloud kubectl,beta",
              "arguments": "824d467dfcd453085f80d7af2b854245",
              "md5": "7f22bf39aaf5ce5980111c3587bef5b5"
            }
          },
          "sensitive_attributes": [],
          "dependencies": [
            "module.gcp_gke.google_container_cluster.guestbook",
            "module.gcp_gke.module.gcloud.data.external.env_override",
            "module.gcp_gke.module.gcloud.null_resource.decompress",
            "module.gcp_gke.module.gcloud.null_resource.upgrade",
            "module.gcp_gke.module.gcloud.random_id.cache"
          ]
        }
      ]
    },
    {
      "module": "module.gcp_gke.module.gcloud",
      "mode": "managed",
      "type": "null_resource",
      "name": "additional_components_destroy",
      "provider": "provider[\"registry.terraform.io/hashicorp/null\"]",
      "instances": [
        {
          "index_key": 0,
          "schema_version": 0,
          "attributes": {
            "id": "4037200794235010051",
            "triggers": {
              "additional_components_command": ".terraform/modules/gcp_gke.gcloud/scripts/check_components.sh gcloud kubectl,beta"
            }
          },
          "sensitive_attributes": [],
          "dependencies": [
            "module.gcp_gke.google_container_cluster.guestbook",
            "module.gcp_gke.module.gcloud.data.external.env_override",
            "module.gcp_gke.module.gcloud.null_resource.additional_components",
            "module.gcp_gke.module.gcloud.null_resource.decompress",
            "module.gcp_gke.module.gcloud.null_resource.gcloud_auth_google_credentials",
            "module.gcp_gke.module.gcloud.null_resource.gcloud_auth_service_account_key_file",
            "module.gcp_gke.module.gcloud.null_resource.module_depends_on",
            "module.gcp_gke.module.gcloud.null_resource.run_destroy_command",
            "module.gcp_gke.module.gcloud.null_resource.upgrade",
            "module.gcp_gke.module.gcloud.random_id.cache"
          ]
        }
      ]
    },
    {
      "module": "module.gcp_gke.module.gcloud",
      "mode": "managed",
      "type": "null_resource",
      "name": "run_command",
      "provider": "provider[\"registry.terraform.io/hashicorp/null\"]",
      "instances": [
        {
          "index_key": 0,
          "schema_version": 0,
          "attributes": {
            "id": "6129484611666145821",
            "triggers": {
              "arguments": "824d467dfcd453085f80d7af2b854245",
              "create_cmd_body": "container clusters get-credentials guestbook --zone=europe-west2",
              "create_cmd_entrypoint": "gcloud",
              "gcloud_bin_abs_path": "/google-cloud-sdk/bin",
              "md5": "7f22bf39aaf5ce5980111c3587bef5b5"
            }
          },
          "sensitive_attributes": [],
          "dependencies": [
            "module.gcp_gke.google_container_cluster.guestbook",
            "module.gcp_gke.module.gcloud.data.external.env_override",
            "module.gcp_gke.module.gcloud.null_resource.additional_components",
            "module.gcp_gke.module.gcloud.null_resource.decompress",
            "module.gcp_gke.module.gcloud.null_resource.gcloud_auth_google_credentials",
            "module.gcp_gke.module.gcloud.null_resource.gcloud_auth_service_account_key_file",
            "module.gcp_gke.module.gcloud.null_resource.module_depends_on",
            "module.gcp_gke.module.gcloud.null_resource.upgrade",
            "module.gcp_gke.module.gcloud.random_id.cache"
          ]
        }
      ]
    },
    {
      "module": "module.gcp_gke.module.gcloud",
      "mode": "managed",
      "type": "null_resource",
      "name": "run_destroy_command",
      "provider": "provider[\"registry.terraform.io/hashicorp/null\"]",
      "instances": [
        {
          "index_key": 0,
          "schema_version": 0,
          "attributes": {
            "id": "8674665223082153551",
            "triggers": {
              "destroy_cmd_body": "info",
              "destroy_cmd_entrypoint": "gcloud",
              "gcloud_bin_abs_path": "/google-cloud-sdk/bin"
            }
          },
          "sensitive_attributes": [],
          "dependencies": [
            "module.gcp_gke.google_container_cluster.guestbook",
            "module.gcp_gke.module.gcloud.data.external.env_override",
            "module.gcp_gke.module.gcloud.null_resource.additional_components",
            "module.gcp_gke.module.gcloud.null_resource.decompress",
            "module.gcp_gke.module.gcloud.null_resource.gcloud_auth_google_credentials",
            "module.gcp_gke.module.gcloud.null_resource.gcloud_auth_service_account_key_file",
            "module.gcp_gke.module.gcloud.null_resource.module_depends_on",
            "module.gcp_gke.module.gcloud.null_resource.upgrade",
            "module.gcp_gke.module.gcloud.random_id.cache"
          ]
        }
      ]
    }
  ],
  "check_results": []
}
